// !$*UTF8*$!
{
	archiveVersion = 1;
	classes = {
	};
	objectVersion = 46;
	objects = {

/* Begin PBXBuildFile section */
		EE0D1CED1BCE960400AB582F /* SwiftyJSON.swift in Sources */ = {isa = PBXBuildFile; fileRef = EE0D1CEC1BCE960400AB582F /* SwiftyJSON.swift */; settings = {ASSET_TAGS = (); }; };
		EED6CE2F1BCCC26F00C9A5D8 /* AppDelegate.swift in Sources */ = {isa = PBXBuildFile; fileRef = EED6CE2E1BCCC26F00C9A5D8 /* AppDelegate.swift */; };
		EED6CE311BCCC26F00C9A5D8 /* MasterViewController.swift in Sources */ = {isa = PBXBuildFile; fileRef = EED6CE301BCCC26F00C9A5D8 /* MasterViewController.swift */; };
		EED6CE331BCCC26F00C9A5D8 /* DetailViewController.swift in Sources */ = {isa = PBXBuildFile; fileRef = EED6CE321BCCC26F00C9A5D8 /* DetailViewController.swift */; };
		EED6CE361BCCC26F00C9A5D8 /* Main.storyboard in Resources */ = {isa = PBXBuildFile; fileRef = EED6CE341BCCC26F00C9A5D8 /* Main.storyboard */; };
		EED6CE381BCCC26F00C9A5D8 /* Assets.xcassets in Resources */ = {isa = PBXBuildFile; fileRef = EED6CE371BCCC26F00C9A5D8 /* Assets.xcassets */; };
		EED6CE3B1BCCC26F00C9A5D8 /* LaunchScreen.storyboard in Resources */ = {isa = PBXBuildFile; fileRef = EED6CE391BCCC26F00C9A5D8 /* LaunchScreen.storyboard */; };
/* End PBXBuildFile section */

/* Begin PBXFileReference section */
		EE0D1CEC1BCE960400AB582F /* SwiftyJSON.swift */ = {isa = PBXFileReference; fileEncoding = 4; lastKnownFileType = sourcecode.swift; path = SwiftyJSON.swift; sourceTree = "<group>"; };
		EED6CE2B1BCCC26F00C9A5D8 /* U.S. Petitions.app */ = {isa = PBXFileReference; explicitFileType = wrapper.application; includeInIndex = 0; path = "U.S. Petitions.app"; sourceTree = BUILT_PRODUCTS_DIR; };
		EED6CE2E1BCCC26F00C9A5D8 /* AppDelegate.swift */ = {isa = PBXFileReference; lastKnownFileType = sourcecode.swift; path = AppDelegate.swift; sourceTree = "<group>"; };
		EED6CE301BCCC26F00C9A5D8 /* MasterViewController.swift */ = {isa = PBXFileReference; lastKnownFileType = sourcecode.swift; path = MasterViewController.swift; sourceTree = "<group>"; };
		EED6CE321BCCC26F00C9A5D8 /* DetailViewController.swift */ = {isa = PBXFileReference; lastKnownFileType = sourcecode.swift; path = DetailViewController.swift; sourceTree = "<group>"; };
		EED6CE351BCCC26F00C9A5D8 /* Base */ = {isa = PBXFileReference; lastKnownFileType = file.storyboard; name = Base; path = Base.lproj/Main.storyboard; sourceTree = "<group>"; };
		EED6CE371BCCC26F00C9A5D8 /* Assets.xcassets */ = {isa = PBXFileReference; lastKnownFileType = folder.assetcatalog; path = Assets.xcassets; sourceTree = "<group>"; };
		EED6CE3A1BCCC26F00C9A5D8 /* Base */ = {isa = PBXFileReference; lastKnownFileType = file.storyboard; name = Base; path = Base.lproj/LaunchScreen.storyboard; sourceTree = "<group>"; };
		EED6CE3C1BCCC26F00C9A5D8 /* Info.plist */ = {isa = PBXFileReference; lastKnownFileType = text.plist.xml; path = Info.plist; sourceTree = "<group>"; };
/* End PBXFileReference section */

/* Begin PBXFrameworksBuildPhase section */
		EED6CE281BCCC26F00C9A5D8 /* Frameworks */ = {
			isa = PBXFrameworksBuildPhase;
			buildActionMask = 2147483647;
			files = (
			);
			runOnlyForDeploymentPostprocessing = 0;
		};
/* End PBXFrameworksBuildPhase section */

/* Begin PBXGroup section */
		EED6CE221BCCC26F00C9A5D8 = {
			isa = PBXGroup;
			children = (
				EED6CE2D1BCCC26F00C9A5D8 /* HWSProject7 */,
				EED6CE2C1BCCC26F00C9A5D8 /* Products */,
			);
			sourceTree = "<group>";
		};
		EED6CE2C1BCCC26F00C9A5D8 /* Products */ = {
			isa = PBXGroup;
			children = (
				EED6CE2B1BCCC26F00C9A5D8 /* U.S. Petitions.app */,
			);
			name = Products;
			sourceTree = "<group>";
		};
		EED6CE2D1BCCC26F00C9A5D8 /* HWSProject7 */ = {
			isa = PBXGroup;
			children = (
				EE0D1CEC1BCE960400AB582F /* SwiftyJSON.swift */,
				EED6CE2E1BCCC26F00C9A5D8 /* AppDelegate.swift */,
				EED6CE301BCCC26F00C9A5D8 /* MasterViewController.swift */,
				EED6CE321BCCC26F00C9A5D8 /* DetailViewController.swift */,
				EED6CE341BCCC26F00C9A5D8 /* Main.storyboard */,
				EED6CE371BCCC26F00C9A5D8 /* Assets.xcassets */,
				EED6CE391BCCC26F00C9A5D8 /* LaunchScreen.storyboard */,
				EED6CE3C1BCCC26F00C9A5D8 /* Info.plist */,
			);
			path = HWSProject7;
			sourceTree = "<group>";
		};
/* End PBXGroup section */

/* Begin PBXNativeTarget section */
		EED6CE2A1BCCC26F00C9A5D8 /* U.S. Petitions */ = {
			isa = PBXNativeTarget;
			buildConfigurationList = EED6CE3F1BCCC26F00C9A5D8 /* Build configuration list for PBXNativeTarget "U.S. Petitions" */;
			buildPhases = (
				EED6CE271BCCC26F00C9A5D8 /* Sources */,
				EED6CE281BCCC26F00C9A5D8 /* Frameworks */,
				EED6CE291BCCC26F00C9A5D8 /* Resources */,
			);
			buildRules = (
			);
			dependencies = (
			);
			name = "U.S. Petitions";
			productName = HWSProject7;
			productReference = EED6CE2B1BCCC26F00C9A5D8 /* U.S. Petitions.app */;
			productType = "com.apple.product-type.application";
		};
/* End PBXNativeTarget section */

/* Begin PBXProject section */
		EED6CE231BCCC26F00C9A5D8 /* Project object */ = {
			isa = PBXProject;
			attributes = {
				LastUpgradeCheck = 0700;
				ORGANIZATIONNAME = muya;
				TargetAttributes = {
					EED6CE2A1BCCC26F00C9A5D8 = {
						CreatedOnToolsVersion = 7.0;
						DevelopmentTeam = 659ZP9NVB6;
					};
				};
			};
			buildConfigurationList = EED6CE261BCCC26F00C9A5D8 /* Build configuration list for PBXProject "U.S. Petitions" */;
			compatibilityVersion = "Xcode 3.2";
			developmentRegion = English;
			hasScannedForEncodings = 0;
			knownRegions = (
				en,
				Base,
			);
			mainGroup = EED6CE221BCCC26F00C9A5D8;
			productRefGroup = EED6CE2C1BCCC26F00C9A5D8 /* Products */;
			projectDirPath = "";
			projectRoot = "";
			targets = (
				EED6CE2A1BCCC26F00C9A5D8 /* U.S. Petitions */,
			);
		};
/* End PBXProject section */

/* Begin PBXResourcesBuildPhase section */
		EED6CE291BCCC26F00C9A5D8 /* Resources */ = {
			isa = PBXResourcesBuildPhase;
			buildActionMask = 2147483647;
			files = (
				EED6CE3B1BCCC26F00C9A5D8 /* LaunchScreen.storyboard in Resources */,
				EED6CE381BCCC26F00C9A5D8 /* Assets.xcassets in Resources */,
				EED6CE361BCCC26F00C9A5D8 /* Main.storyboard in Resources */,
			);
			runOnlyForDeploymentPostprocessing = 0;
		};
/* End PBXResourcesBuildPhase section */

/* Begin PBXSourcesBuildPhase section */
		EED6CE271BCCC26F00C9A5D8 /* Sources */ = {
			isa = PBXSourcesBuildPhase;
			buildActionMask = 2147483647;
			files = (
				EED6CE331BCCC26F00C9A5D8 /* DetailViewController.swift in Sources */,
				EED6CE311BCCC26F00C9A5D8 /* MasterViewController.swift in Sources */,
				EED6CE2F1BCCC26F00C9A5D8 /* AppDelegate.swift in Sources */,
				EE0D1CED1BCE960400AB582F /* SwiftyJSON.swift in Sources */,
			);
			runOnlyForDeploymentPostprocessing = 0;
		};
/* End PBXSourcesBuildPhase section */

/* Begin PBXVariantGroup section */
		EED6CE341BCCC26F00C9A5D8 /* Main.storyboard */ = {
			isa = PBXVariantGroup;
			children = (
				EED6CE351BCCC26F00C9A5D8 /* Base */,
			);
			name = Main.storyboard;
			sourceTree = "<group>";
		};
		EED6CE391BCCC26F00C9A5D8 /* LaunchScreen.storyboard */ = {
			isa = PBXVariantGroup;
			children = (
				EED6CE3A1BCCC26F00C9A5D8 /* Base */,
			);
			name = LaunchScreen.storyboard;
			sourceTree = "<group>";
		};
/* End PBXVariantGroup section */

/* Begin XCBuildConfiguration section */
		EED6CE3D1BCCC26F00C9A5D8 /* Debug */ = {
			isa = XCBuildConfiguration;
			buildSettings = {
				ALWAYS_SEARCH_USER_PATHS = NO;
				CLANG_CXX_LANGUAGE_STANDARD = "gnu++0x";
				CLANG_CXX_LIBRARY = "libc++";
				CLANG_ENABLE_MODULES = YES;
				CLANG_ENABLE_OBJC_ARC = YES;
				CLANG_WARN_BOOL_CONVERSION = YES;
				CLANG_WARN_CONSTANT_CONVERSION = YES;
				CLANG_WARN_DIRECT_OBJC_ISA_USAGE = YES_ERROR;
				CLANG_WARN_EMPTY_BODY = YES;
				CLANG_WARN_ENUM_CONVERSION = YES;
				CLANG_WARN_INT_CONVERSION = YES;
				CLANG_WARN_OBJC_ROOT_CLASS = YES_ERROR;
				CLANG_WARN_UNREACHABLE_CODE = YES;
				CLANG_WARN__DUPLICATE_METHOD_MATCH = YES;
				"CODE_SIGN_IDENTITY[sdk=iphoneos*]" = "iPhone Developer";
				COPY_PHASE_STRIP = NO;
				DEBUG_INFORMATION_FORMAT = dwarf;
				ENABLE_STRICT_OBJC_MSGSEND = YES;
				ENABLE_TESTABILITY = YES;
				GCC_C_LANGUAGE_STANDARD = gnu99;
				GCC_DYNAMIC_NO_PIC = NO;
				GCC_NO_COMMON_BLOCKS = YES;
				GCC_OPTIMIZATION_LEVEL = 0;
				GCC_PREPROCESSOR_DEFINITIONS = (
					"DEBUG=1",
					"$(inherited)",
				);
				GCC_WARN_64_TO_32_BIT_CONVERSION = YES;
				GCC_WARN_ABOUT_RETURN_TYPE = YES_ERROR;
				GCC_WARN_UNDECLARED_SELECTOR = YES;
				GCC_WARN_UNINITIALIZED_AUTOS = YES_AGGRESSIVE;
				GCC_WARN_UNUSED_FUNCTION = YES;
				GCC_WARN_UNUSED_VARIABLE = YES;
				IPHONEOS_DEPLOYMENT_TARGET = 9.0;
				MTL_ENABLE_DEBUG_INFO = YES;
				ONLY_ACTIVE_ARCH = YES;
				SDKROOT = iphoneos;
				SWIFT_OPTIMIZATION_LEVEL = "-Onone";
				TARGETED_DEVICE_FAMILY = 2;
			};
			name = Debug;
		};
		EED6CE3E1BCCC26F00C9A5D8 /* Release */ = {
			isa = XCBuildConfiguration;
			buildSettings = {
				ALWAYS_SEARCH_USER_PATHS = NO;
				CLANG_CXX_LANGUAGE_STANDARD = "gnu++0x";
				CLANG_CXX_LIBRARY = "libc++";
				CLANG_ENABLE_MODULES = YES;
				CLANG_ENABLE_OBJC_ARC = YES;
				CLANG_WARN_BOOL_CONVERSION = YES;
				CLANG_WARN_CONSTANT_CONVERSION = YES;
				CLANG_WARN_DIRECT_OBJC_ISA_USAGE = YES_ERROR;
				CLANG_WARN_EMPTY_BODY = YES;
				CLANG_WARN_ENUM_CONVERSION = YES;
				CLANG_WARN_INT_CONVERSION = YES;
				CLANG_WARN_OBJC_ROOT_CLASS = YES_ERROR;
				CLANG_WARN_UNREACHABLE_CODE = YES;
				CLANG_WARN__DUPLICATE_METHOD_MATCH = YES;
				"CODE_SIGN_IDENTITY[sdk=iphoneos*]" = "iPhone Developer";
				COPY_PHASE_STRIP = NO;
				DEBUG_INFORMATION_FORMAT = "dwarf-with-dsym";
				ENABLE_NS_ASSERTIONS = NO;
				ENABLE_STRICT_OBJC_MSGSEND = YES;
				GCC_C_LANGUAGE_STANDARD = gnu99;
				GCC_NO_COMMON_BLOCKS = YES;
				GCC_WARN_64_TO_32_BIT_CONVERSION = YES;
				GCC_WARN_ABOUT_RETURN_TYPE = YES_ERROR;
				GCC_WARN_UNDECLARED_SELECTOR = YES;
				GCC_WARN_UNINITIALIZED_AUTOS = YES_AGGRESSIVE;
				GCC_WARN_UNUSED_FUNCTION = YES;
				GCC_WARN_UNUSED_VARIABLE = YES;
				IPHONEOS_DEPLOYMENT_TARGET = 9.0;
				MTL_ENABLE_DEBUG_INFO = NO;
				SDKROOT = iphoneos;
				TARGETED_DEVICE_FAMILY = 2;
				VALIDATE_PRODUCT = YES;
			};
			name = Release;
		};
		EED6CE401BCCC26F00C9A5D8 /* Debug */ = {
			isa = XCBuildConfiguration;
			buildSettings = {
				ASSETCATALOG_COMPILER_APPICON_NAME = AppIcon;
				INFOPLIST_FILE = HWSProject7/Info.plist;
				LD_RUNPATH_SEARCH_PATHS = "$(inherited) @executable_path/Frameworks";
				PRODUCT_BUNDLE_IDENTIFIER = ke.co.muya.HWSProject7;
				PRODUCT_NAME = "U.S. Petitions";
			};
			name = Debug;
		};
		EED6CE411BCCC26F00C9A5D8 /* Release */ = {
			isa = XCBuildConfiguration;
			buildSettings = {
				ASSETCATALOG_COMPILER_APPICON_NAME = AppIcon;
				INFOPLIST_FILE = HWSProject7/Info.plist;
				LD_RUNPATH_SEARCH_PATHS = "$(inherited) @executable_path/Frameworks";
				PRODUCT_BUNDLE_IDENTIFIER = ke.co.muya.HWSProject7;
				PRODUCT_NAME = "U.S. Petitions";
			};
			name = Release;
		};
/* End XCBuildConfiguration section */

/* Begin XCConfigurationList section */
		EED6CE261BCCC26F00C9A5D8 /* Build configuration list for PBXProject "U.S. Petitions" */ = {
			isa = XCConfigurationList;
			buildConfigurations = (
				EED6CE3D1BCCC26F00C9A5D8 /* Debug */,
				EED6CE3E1BCCC26F00C9A5D8 /* Release */,
			);
			defaultConfigurationIsVisible = 0;
			defaultConfigurationName = Release;
		};
		EED6CE3F1BCCC26F00C9A5D8 /* Build configuration list for PBXNativeTarget "U.S. Petitions" */ = {
			isa = XCConfigurationList;
			buildConfigurations = (
				EED6CE401BCCC26F00C9A5D8 /* Debug */,
				EED6CE411BCCC26F00C9A5D8 /* Release */,
			);
			defaultConfigurationIsVisible = 0;
			defaultConfigurationName = Release;
		};
/* End XCConfigurationList section */
	};
	rootObject = EED6CE231BCCC26F00C9A5D8 /* Project object */;
}
